// !$*UTF8*$!
{
	archiveVersion = 1;
	classes = {
	};
	objectVersion = 46;
	objects = {

/* Begin PBXBuildFile section */
		9800559C14680E50004C4802 /* Tag.m in Sources */ = {isa = PBXBuildFile; fileRef = 9800559B14680E50004C4802 /* Tag.m */; };
		980055A3146AB884004C4802 /* NTWriteViewController.m in Sources */ = {isa = PBXBuildFile; fileRef = 980055A1146AB884004C4802 /* NTWriteViewController.m */; };
		980055A4146AB884004C4802 /* NTWriteViewController.xib in Resources */ = {isa = PBXBuildFile; fileRef = 980055A2146AB884004C4802 /* NTWriteViewController.xib */; };
		9801C7B0148645CF005138A7 /* Note.m in Sources */ = {isa = PBXBuildFile; fileRef = 9801C7AF148645CF005138A7 /* Note.m */; };
		9815BD2B154812B500E450DA /* Notethread v1.5 Journal.md in Resources */ = {isa = PBXBuildFile; fileRef = 9815BD2A154812B500E450DA /* Notethread v1.5 Journal.md */; };
		9815BD321548151400E450DA /* TagService.m in Sources */ = {isa = PBXBuildFile; fileRef = 9815BD311548151400E450DA /* TagService.m */; };
		9815BD331548151400E450DA /* TagService.m in Sources */ = {isa = PBXBuildFile; fileRef = 9815BD311548151400E450DA /* TagService.m */; };
		981821441468026D00DBC1D2 /* UIKit.framework in Frameworks */ = {isa = PBXBuildFile; fileRef = 981821431468026D00DBC1D2 /* UIKit.framework */; };
		981821461468026D00DBC1D2 /* Foundation.framework in Frameworks */ = {isa = PBXBuildFile; fileRef = 981821451468026D00DBC1D2 /* Foundation.framework */; };
		981821481468026D00DBC1D2 /* CoreGraphics.framework in Frameworks */ = {isa = PBXBuildFile; fileRef = 981821471468026D00DBC1D2 /* CoreGraphics.framework */; };
		9818214A1468026D00DBC1D2 /* CoreData.framework in Frameworks */ = {isa = PBXBuildFile; fileRef = 981821491468026D00DBC1D2 /* CoreData.framework */; };
		981821501468026D00DBC1D2 /* InfoPlist.strings in Resources */ = {isa = PBXBuildFile; fileRef = 9818214E1468026D00DBC1D2 /* InfoPlist.strings */; };
		981821521468026D00DBC1D2 /* main.m in Sources */ = {isa = PBXBuildFile; fileRef = 981821511468026D00DBC1D2 /* main.m */; };
		981821561468026D00DBC1D2 /* AppDelegate.m in Sources */ = {isa = PBXBuildFile; fileRef = 981821551468026D00DBC1D2 /* AppDelegate.m */; };
		981821591468026D00DBC1D2 /* Notethread.xcdatamodeld in Sources */ = {isa = PBXBuildFile; fileRef = 981821571468026D00DBC1D2 /* Notethread.xcdatamodeld */; };
		981821621468026D00DBC1D2 /* MasterViewController.xib in Resources */ = {isa = PBXBuildFile; fileRef = 981821601468026D00DBC1D2 /* MasterViewController.xib */; };
		9818216D1468026E00DBC1D2 /* SenTestingKit.framework in Frameworks */ = {isa = PBXBuildFile; fileRef = 9818216C1468026E00DBC1D2 /* SenTestingKit.framework */; };
		9818216E1468026E00DBC1D2 /* UIKit.framework in Frameworks */ = {isa = PBXBuildFile; fileRef = 981821431468026D00DBC1D2 /* UIKit.framework */; };
		9818216F1468026E00DBC1D2 /* Foundation.framework in Frameworks */ = {isa = PBXBuildFile; fileRef = 981821451468026D00DBC1D2 /* Foundation.framework */; };
		981821701468026E00DBC1D2 /* CoreData.framework in Frameworks */ = {isa = PBXBuildFile; fileRef = 981821491468026D00DBC1D2 /* CoreData.framework */; };
		981821781468026E00DBC1D2 /* InfoPlist.strings in Resources */ = {isa = PBXBuildFile; fileRef = 981821761468026E00DBC1D2 /* InfoPlist.strings */; };
		9818217B1468026E00DBC1D2 /* NotethreadTests.m in Sources */ = {isa = PBXBuildFile; fileRef = 9818217A1468026E00DBC1D2 /* NotethreadTests.m */; };
		98190BCF149B72EC00E96126 /* NTNoteListViewController.m in Sources */ = {isa = PBXBuildFile; fileRef = 98190BCD149B72EB00E96126 /* NTNoteListViewController.m */; };
		98190BD0149B72EC00E96126 /* NTNoteListViewController.xib in Resources */ = {isa = PBXBuildFile; fileRef = 98190BCE149B72EC00E96126 /* NTNoteListViewController.xib */; };
		98209CFB15A5922C007E06EF /* InterfaceRules.md in Resources */ = {isa = PBXBuildFile; fileRef = 98209CFA15A5922C007E06EF /* InterfaceRules.md */; };
		983816A614C04FDD000A644C /* README.md in Resources */ = {isa = PBXBuildFile; fileRef = 983816A514C04FDD000A644C /* README.md */; };
		98489949156B8F33008AF533 /* NSArray+Reverse.m in Sources */ = {isa = PBXBuildFile; fileRef = 98489948156B8F33008AF533 /* NSArray+Reverse.m */; };
		9848994D15706C36008AF533 /* TagTracker.m in Sources */ = {isa = PBXBuildFile; fileRef = 9848994C15706C36008AF533 /* TagTracker.m */; };
		9848995C1574FE41008AF533 /* NTNoteController.m in Sources */ = {isa = PBXBuildFile; fileRef = 9848995B1574FE41008AF533 /* NTNoteController.m */; };
		9848996715873B01008AF533 /* Notethread v1.6 Journal.md in Resources */ = {isa = PBXBuildFile; fileRef = 9848996615873B00008AF533 /* Notethread v1.6 Journal.md */; };
		9848996E15874B6D008AF533 /* Twitter.framework in Frameworks */ = {isa = PBXBuildFile; fileRef = 9848996D15874B6D008AF533 /* Twitter.framework */; };
		986E806C147E3C06004645CF /* EmailContentApplicationService.m in Sources */ = {isa = PBXBuildFile; fileRef = 986E806B147E3C06004645CF /* EmailContentApplicationService.m */; };
		986E8072147E90EC004645CF /* EmailApplicationService.m in Sources */ = {isa = PBXBuildFile; fileRef = 986E8071147E90EC004645CF /* EmailApplicationService.m */; };
		986E8074147E98C5004645CF /* MessageUI.framework in Frameworks */ = {isa = PBXBuildFile; fileRef = 986E8073147E98C5004645CF /* MessageUI.framework */; };
		9871256114700AA0007D56D6 /* NTNoteViewController.m in Sources */ = {isa = PBXBuildFile; fileRef = 9871255F14700AA0007D56D6 /* NTNoteViewController.m */; };
		9871256214700AA0007D56D6 /* NTNoteViewController.xib in Resources */ = {isa = PBXBuildFile; fileRef = 9871256014700AA0007D56D6 /* NTNoteViewController.xib */; };
		9871257014713310007D56D6 /* StyleApplicationService.m in Sources */ = {isa = PBXBuildFile; fileRef = 9871256F14713310007D56D6 /* StyleApplicationService.m */; };
		989D51481488F013002B27AB /* black-Linen.png in Resources */ = {isa = PBXBuildFile; fileRef = 989D51471488F013002B27AB /* black-Linen.png */; };
		989D514C1488F45A002B27AB /* StyleConstants.m in Sources */ = {isa = PBXBuildFile; fileRef = 989D514B1488F45A002B27AB /* StyleConstants.m */; };
		989D514E1488FECC002B27AB /* fabric_1.png in Resources */ = {isa = PBXBuildFile; fileRef = 989D514D1488FECC002B27AB /* fabric_1.png */; };
		989D5150148900FD002B27AB /* handmadepaper.png in Resources */ = {isa = PBXBuildFile; fileRef = 989D514F148900FD002B27AB /* handmadepaper.png */; };
		98BC4A39158C8E2900B48D38 /* NTTagListDetailViewController.xib in Resources */ = {isa = PBXBuildFile; fileRef = 98BC4A38158C8E2900B48D38 /* NTTagListDetailViewController.xib */; };
		98EB1EF9147BBF160018FF08 /* AlertApplicationService.m in Sources */ = {isa = PBXBuildFile; fileRef = 98EB1EF8147BBF160018FF08 /* AlertApplicationService.m */; };
		98EB1F01147CE9930018FF08 /* UserSettingsConstants.m in Sources */ = {isa = PBXBuildFile; fileRef = 98EB1F00147CE9930018FF08 /* UserSettingsConstants.m */; };
		98EB1F05147D0CB70018FF08 /* SettingsViewController.m in Sources */ = {isa = PBXBuildFile; fileRef = 98EB1F03147D0CB70018FF08 /* SettingsViewController.m */; };
		98EB1F06147D0CB70018FF08 /* SettingsViewController.xib in Resources */ = {isa = PBXBuildFile; fileRef = 98EB1F04147D0CB70018FF08 /* SettingsViewController.xib */; };
		98EB1F0A147D35340018FF08 /* AboutMeViewController.m in Sources */ = {isa = PBXBuildFile; fileRef = 98EB1F08147D35340018FF08 /* AboutMeViewController.m */; };
		98EB1F0B147D35340018FF08 /* AboutMeViewController.xib in Resources */ = {isa = PBXBuildFile; fileRef = 98EB1F09147D35340018FF08 /* AboutMeViewController.xib */; };
		98EC88F91539797C007D92A7 /* JLButtonScroller.m in Sources */ = {isa = PBXBuildFile; fileRef = 98EC88F81539797C007D92A7 /* JLButtonScroller.m */; };
		98EC88FB15397EB3007D92A7 /* JLButtonScroller.m in Sources */ = {isa = PBXBuildFile; fileRef = 98EC88F81539797C007D92A7 /* JLButtonScroller.m */; };
		98F911361482066300D421B0 /* icon57x57.png in Resources */ = {isa = PBXBuildFile; fileRef = 98F91134148203FC00D421B0 /* icon57x57.png */; };
		98F911381482066600D421B0 /* icon114x114.png in Resources */ = {isa = PBXBuildFile; fileRef = 98F911371482066600D421B0 /* icon114x114.png */; };
		98FDA07B1587823E0045E31A /* NTTagListViewController.m in Sources */ = {isa = PBXBuildFile; fileRef = 98FDA07A1587823E0045E31A /* NTTagListViewController.m */; };
		98FDA07F158782910045E31A /* NTTagListDetailViewController.m in Sources */ = {isa = PBXBuildFile; fileRef = 98FDA07E158782910045E31A /* NTTagListDetailViewController.m */; };
		98FDA0811588AF890045E31A /* NTTagListViewController.xib in Resources */ = {isa = PBXBuildFile; fileRef = 98FDA0801588AF890045E31A /* NTTagListViewController.xib */; };
/* End PBXBuildFile section */

/* Begin PBXContainerItemProxy section */
		981821711468026E00DBC1D2 /* PBXContainerItemProxy */ = {
			isa = PBXContainerItemProxy;
			containerPortal = 981821361468026D00DBC1D2 /* Project object */;
			proxyType = 1;
			remoteGlobalIDString = 9818213E1468026D00DBC1D2;
			remoteInfo = Notethread;
		};
/* End PBXContainerItemProxy section */

/* Begin PBXFileReference section */
		9800559A14680E50004C4802 /* Tag.h */ = {isa = PBXFileReference; fileEncoding = 4; lastKnownFileType = sourcecode.c.h; path = Tag.h; sourceTree = "<group>"; };
		9800559B14680E50004C4802 /* Tag.m */ = {isa = PBXFileReference; fileEncoding = 4; lastKnownFileType = sourcecode.c.objc; path = Tag.m; sourceTree = "<group>"; };
		980055A0146AB884004C4802 /* NTWriteViewController.h */ = {isa = PBXFileReference; fileEncoding = 4; lastKnownFileType = sourcecode.c.h; path = NTWriteViewController.h; sourceTree = "<group>"; };
		980055A1146AB884004C4802 /* NTWriteViewController.m */ = {isa = PBXFileReference; fileEncoding = 4; lastKnownFileType = sourcecode.c.objc; path = NTWriteViewController.m; sourceTree = "<group>"; };
		980055A2146AB884004C4802 /* NTWriteViewController.xib */ = {isa = PBXFileReference; fileEncoding = 4; lastKnownFileType = file.xib; path = NTWriteViewController.xib; sourceTree = "<group>"; };
		9801C7AE148645CF005138A7 /* Note.h */ = {isa = PBXFileReference; fileEncoding = 4; lastKnownFileType = sourcecode.c.h; name = Note.h; path = ../Note.h; sourceTree = "<group>"; };
		9801C7AF148645CF005138A7 /* Note.m */ = {isa = PBXFileReference; fileEncoding = 4; lastKnownFileType = sourcecode.c.objc; name = Note.m; path = ../Note.m; sourceTree = "<group>"; };
		9815BD2A154812B500E450DA /* Notethread v1.5 Journal.md */ = {isa = PBXFileReference; fileEncoding = 4; lastKnownFileType = text; path = "Notethread v1.5 Journal.md"; sourceTree = "<group>"; };
		9815BD301548151400E450DA /* TagService.h */ = {isa = PBXFileReference; fileEncoding = 4; lastKnownFileType = sourcecode.c.h; path = TagService.h; sourceTree = "<group>"; };
		9815BD311548151400E450DA /* TagService.m */ = {isa = PBXFileReference; fileEncoding = 4; lastKnownFileType = sourcecode.c.objc; path = TagService.m; sourceTree = "<group>"; };
		9818213F1468026D00DBC1D2 /* Notethread.app */ = {isa = PBXFileReference; explicitFileType = wrapper.application; includeInIndex = 0; path = Notethread.app; sourceTree = BUILT_PRODUCTS_DIR; };
		981821431468026D00DBC1D2 /* UIKit.framework */ = {isa = PBXFileReference; lastKnownFileType = wrapper.framework; name = UIKit.framework; path = System/Library/Frameworks/UIKit.framework; sourceTree = SDKROOT; };
		981821451468026D00DBC1D2 /* Foundation.framework */ = {isa = PBXFileReference; lastKnownFileType = wrapper.framework; name = Foundation.framework; path = System/Library/Frameworks/Foundation.framework; sourceTree = SDKROOT; };
		981821471468026D00DBC1D2 /* CoreGraphics.framework */ = {isa = PBXFileReference; lastKnownFileType = wrapper.framework; name = CoreGraphics.framework; path = System/Library/Frameworks/CoreGraphics.framework; sourceTree = SDKROOT; };
		981821491468026D00DBC1D2 /* CoreData.framework */ = {isa = PBXFileReference; lastKnownFileType = wrapper.framework; name = CoreData.framework; path = System/Library/Frameworks/CoreData.framework; sourceTree = SDKROOT; };
		9818214D1468026D00DBC1D2 /* Notethread-Info.plist */ = {isa = PBXFileReference; lastKnownFileType = text.plist.xml; path = "Notethread-Info.plist"; sourceTree = "<group>"; };
		9818214F1468026D00DBC1D2 /* en */ = {isa = PBXFileReference; lastKnownFileType = text.plist.strings; name = en; path = en.lproj/InfoPlist.strings; sourceTree = "<group>"; };
		981821511468026D00DBC1D2 /* main.m */ = {isa = PBXFileReference; lastKnownFileType = sourcecode.c.objc; path = main.m; sourceTree = "<group>"; };
		981821531468026D00DBC1D2 /* Notethread-Prefix.pch */ = {isa = PBXFileReference; lastKnownFileType = sourcecode.c.h; path = "Notethread-Prefix.pch"; sourceTree = "<group>"; };
		981821541468026D00DBC1D2 /* AppDelegate.h */ = {isa = PBXFileReference; lastKnownFileType = sourcecode.c.h; path = AppDelegate.h; sourceTree = "<group>"; };
		981821551468026D00DBC1D2 /* AppDelegate.m */ = {isa = PBXFileReference; lastKnownFileType = sourcecode.c.objc; path = AppDelegate.m; sourceTree = "<group>"; };
		981821581468026D00DBC1D2 /* Notethread.xcdatamodel */ = {isa = PBXFileReference; lastKnownFileType = wrapper.xcdatamodel; path = Notethread.xcdatamodel; sourceTree = "<group>"; };
		981821611468026D00DBC1D2 /* en */ = {isa = PBXFileReference; lastKnownFileType = file.xib; name = en; path = en.lproj/MasterViewController.xib; sourceTree = "<group>"; };
		9818216B1468026E00DBC1D2 /* NotethreadTests.octest */ = {isa = PBXFileReference; explicitFileType = wrapper.cfbundle; includeInIndex = 0; path = NotethreadTests.octest; sourceTree = BUILT_PRODUCTS_DIR; };
		9818216C1468026E00DBC1D2 /* SenTestingKit.framework */ = {isa = PBXFileReference; lastKnownFileType = wrapper.framework; name = SenTestingKit.framework; path = Library/Frameworks/SenTestingKit.framework; sourceTree = DEVELOPER_DIR; };
		981821751468026E00DBC1D2 /* NotethreadTests-Info.plist */ = {isa = PBXFileReference; lastKnownFileType = text.plist.xml; path = "NotethreadTests-Info.plist"; sourceTree = "<group>"; };
		981821771468026E00DBC1D2 /* en */ = {isa = PBXFileReference; lastKnownFileType = text.plist.strings; name = en; path = en.lproj/InfoPlist.strings; sourceTree = "<group>"; };
		981821791468026E00DBC1D2 /* NotethreadTests.h */ = {isa = PBXFileReference; lastKnownFileType = sourcecode.c.h; path = NotethreadTests.h; sourceTree = "<group>"; };
		9818217A1468026E00DBC1D2 /* NotethreadTests.m */ = {isa = PBXFileReference; lastKnownFileType = sourcecode.c.objc; path = NotethreadTests.m; sourceTree = "<group>"; };
		98190BCC149B72EB00E96126 /* NTNoteListViewController.h */ = {isa = PBXFileReference; fileEncoding = 4; lastKnownFileType = sourcecode.c.h; path = NTNoteListViewController.h; sourceTree = "<group>"; };
		98190BCD149B72EB00E96126 /* NTNoteListViewController.m */ = {isa = PBXFileReference; fileEncoding = 4; lastKnownFileType = sourcecode.c.objc; path = NTNoteListViewController.m; sourceTree = "<group>"; };
		98190BCE149B72EC00E96126 /* NTNoteListViewController.xib */ = {isa = PBXFileReference; fileEncoding = 4; lastKnownFileType = file.xib; path = NTNoteListViewController.xib; sourceTree = "<group>"; };
		98209CFA15A5922C007E06EF /* InterfaceRules.md */ = {isa = PBXFileReference; fileEncoding = 4; lastKnownFileType = text; path = InterfaceRules.md; sourceTree = "<group>"; };
		983816A514C04FDD000A644C /* README.md */ = {isa = PBXFileReference; fileEncoding = 4; lastKnownFileType = text; path = README.md; sourceTree = "<group>"; };
		98489947156B8F33008AF533 /* NSArray+Reverse.h */ = {isa = PBXFileReference; fileEncoding = 4; lastKnownFileType = sourcecode.c.h; path = "NSArray+Reverse.h"; sourceTree = "<group>"; };
		98489948156B8F33008AF533 /* NSArray+Reverse.m */ = {isa = PBXFileReference; fileEncoding = 4; lastKnownFileType = sourcecode.c.objc; path = "NSArray+Reverse.m"; sourceTree = "<group>"; };
		9848994B15706C36008AF533 /* TagTracker.h */ = {isa = PBXFileReference; fileEncoding = 4; lastKnownFileType = sourcecode.c.h; path = TagTracker.h; sourceTree = "<group>"; };
		9848994C15706C36008AF533 /* TagTracker.m */ = {isa = PBXFileReference; fileEncoding = 4; lastKnownFileType = sourcecode.c.objc; path = TagTracker.m; sourceTree = "<group>"; };
		9848995A1574FE41008AF533 /* NTNoteController.h */ = {isa = PBXFileReference; fileEncoding = 4; lastKnownFileType = sourcecode.c.h; path = NTNoteController.h; sourceTree = "<group>"; };
		9848995B1574FE41008AF533 /* NTNoteController.m */ = {isa = PBXFileReference; fileEncoding = 4; lastKnownFileType = sourcecode.c.objc; path = NTNoteController.m; sourceTree = "<group>"; };
		9848996415863E63008AF533 /* QuartzCore.framework */ = {isa = PBXFileReference; lastKnownFileType = wrapper.framework; name = QuartzCore.framework; path = System/Library/Frameworks/QuartzCore.framework; sourceTree = SDKROOT; };
		9848996615873B00008AF533 /* Notethread v1.6 Journal.md */ = {isa = PBXFileReference; fileEncoding = 4; lastKnownFileType = text; path = "Notethread v1.6 Journal.md"; sourceTree = "<group>"; };
		9848996D15874B6D008AF533 /* Twitter.framework */ = {isa = PBXFileReference; lastKnownFileType = wrapper.framework; name = Twitter.framework; path = System/Library/Frameworks/Twitter.framework; sourceTree = SDKROOT; };
		986E806A147E3C06004645CF /* EmailContentApplicationService.h */ = {isa = PBXFileReference; fileEncoding = 4; lastKnownFileType = sourcecode.c.h; path = EmailContentApplicationService.h; sourceTree = "<group>"; };
		986E806B147E3C06004645CF /* EmailContentApplicationService.m */ = {isa = PBXFileReference; fileEncoding = 4; lastKnownFileType = sourcecode.c.objc; path = EmailContentApplicationService.m; sourceTree = "<group>"; };
		986E8070147E90EC004645CF /* EmailApplicationService.h */ = {isa = PBXFileReference; fileEncoding = 4; lastKnownFileType = sourcecode.c.h; path = EmailApplicationService.h; sourceTree = "<group>"; };
		986E8071147E90EC004645CF /* EmailApplicationService.m */ = {isa = PBXFileReference; fileEncoding = 4; lastKnownFileType = sourcecode.c.objc; path = EmailApplicationService.m; sourceTree = "<group>"; };
		986E8073147E98C5004645CF /* MessageUI.framework */ = {isa = PBXFileReference; lastKnownFileType = wrapper.framework; name = MessageUI.framework; path = System/Library/Frameworks/MessageUI.framework; sourceTree = SDKROOT; };
		9871255E14700AA0007D56D6 /* NTNoteViewController.h */ = {isa = PBXFileReference; fileEncoding = 4; lastKnownFileType = sourcecode.c.h; path = NTNoteViewController.h; sourceTree = "<group>"; };
		9871255F14700AA0007D56D6 /* NTNoteViewController.m */ = {isa = PBXFileReference; fileEncoding = 4; lastKnownFileType = sourcecode.c.objc; path = NTNoteViewController.m; sourceTree = "<group>"; };
		9871256014700AA0007D56D6 /* NTNoteViewController.xib */ = {isa = PBXFileReference; fileEncoding = 4; lastKnownFileType = file.xib; path = NTNoteViewController.xib; sourceTree = "<group>"; };
		9871256E14713310007D56D6 /* StyleApplicationService.h */ = {isa = PBXFileReference; fileEncoding = 4; lastKnownFileType = sourcecode.c.h; path = StyleApplicationService.h; sourceTree = "<group>"; };
		9871256F14713310007D56D6 /* StyleApplicationService.m */ = {isa = PBXFileReference; fileEncoding = 4; lastKnownFileType = sourcecode.c.objc; path = StyleApplicationService.m; sourceTree = "<group>"; };
		987125711473D881007D56D6 /* NTThreadWriteViewDelegate.h */ = {isa = PBXFileReference; fileEncoding = 4; lastKnownFileType = sourcecode.c.h; path = NTThreadWriteViewDelegate.h; sourceTree = "<group>"; };
		989D51471488F013002B27AB /* black-Linen.png */ = {isa = PBXFileReference; lastKnownFileType = image.png; path = "black-Linen.png"; sourceTree = "<group>"; };
		989D514A1488F427002B27AB /* StyleConstants.h */ = {isa = PBXFileReference; fileEncoding = 4; lastKnownFileType = sourcecode.c.h; path = StyleConstants.h; sourceTree = "<group>"; };
		989D514B1488F45A002B27AB /* StyleConstants.m */ = {isa = PBXFileReference; fileEncoding = 4; lastKnownFileType = sourcecode.c.objc; path = StyleConstants.m; sourceTree = "<group>"; };
		989D514D1488FECC002B27AB /* fabric_1.png */ = {isa = PBXFileReference; lastKnownFileType = image.png; path = fabric_1.png; sourceTree = "<group>"; };
		989D514F148900FD002B27AB /* handmadepaper.png */ = {isa = PBXFileReference; lastKnownFileType = image.png; path = handmadepaper.png; sourceTree = "<group>"; };
		98BC4A38158C8E2900B48D38 /* NTTagListDetailViewController.xib */ = {isa = PBXFileReference; fileEncoding = 4; lastKnownFileType = file.xib; path = NTTagListDetailViewController.xib; sourceTree = "<group>"; };
		98EB1EF7147BBF160018FF08 /* AlertApplicationService.h */ = {isa = PBXFileReference; fileEncoding = 4; lastKnownFileType = sourcecode.c.h; path = AlertApplicationService.h; sourceTree = "<group>"; };
		98EB1EF8147BBF160018FF08 /* AlertApplicationService.m */ = {isa = PBXFileReference; fileEncoding = 4; lastKnownFileType = sourcecode.c.objc; path = AlertApplicationService.m; sourceTree = "<group>"; };
		98EB1EFF147CE9930018FF08 /* UserSettingsConstants.h */ = {isa = PBXFileReference; fileEncoding = 4; lastKnownFileType = sourcecode.c.h; path = UserSettingsConstants.h; sourceTree = "<group>"; };
		98EB1F00147CE9930018FF08 /* UserSettingsConstants.m */ = {isa = PBXFileReference; fileEncoding = 4; lastKnownFileType = sourcecode.c.objc; path = UserSettingsConstants.m; sourceTree = "<group>"; };
		98EB1F02147D0CB70018FF08 /* SettingsViewController.h */ = {isa = PBXFileReference; fileEncoding = 4; lastKnownFileType = sourcecode.c.h; path = SettingsViewController.h; sourceTree = "<group>"; };
		98EB1F03147D0CB70018FF08 /* SettingsViewController.m */ = {isa = PBXFileReference; fileEncoding = 4; lastKnownFileType = sourcecode.c.objc; path = SettingsViewController.m; sourceTree = "<group>"; };
		98EB1F04147D0CB70018FF08 /* SettingsViewController.xib */ = {isa = PBXFileReference; fileEncoding = 4; lastKnownFileType = file.xib; path = SettingsViewController.xib; sourceTree = "<group>"; };
		98EB1F07147D35330018FF08 /* AboutMeViewController.h */ = {isa = PBXFileReference; fileEncoding = 4; lastKnownFileType = sourcecode.c.h; path = AboutMeViewController.h; sourceTree = "<group>"; };
		98EB1F08147D35340018FF08 /* AboutMeViewController.m */ = {isa = PBXFileReference; fileEncoding = 4; lastKnownFileType = sourcecode.c.objc; path = AboutMeViewController.m; sourceTree = "<group>"; };
		98EB1F09147D35340018FF08 /* AboutMeViewController.xib */ = {isa = PBXFileReference; fileEncoding = 4; lastKnownFileType = file.xib; path = AboutMeViewController.xib; sourceTree = "<group>"; };
		98EC88F71539797C007D92A7 /* JLButtonScroller.h */ = {isa = PBXFileReference; fileEncoding = 4; lastKnownFileType = sourcecode.c.h; path = JLButtonScroller.h; sourceTree = "<group>"; };
		98EC88F81539797C007D92A7 /* JLButtonScroller.m */ = {isa = PBXFileReference; fileEncoding = 4; lastKnownFileType = sourcecode.c.objc; path = JLButtonScroller.m; sourceTree = "<group>"; };
		98F91134148203FC00D421B0 /* icon57x57.png */ = {isa = PBXFileReference; lastKnownFileType = image.png; path = icon57x57.png; sourceTree = "<group>"; };
		98F911371482066600D421B0 /* icon114x114.png */ = {isa = PBXFileReference; lastKnownFileType = image.png; path = icon114x114.png; sourceTree = "<group>"; };
		98FDA0791587823E0045E31A /* NTTagListViewController.h */ = {isa = PBXFileReference; fileEncoding = 4; lastKnownFileType = sourcecode.c.h; path = NTTagListViewController.h; sourceTree = "<group>"; };
		98FDA07A1587823E0045E31A /* NTTagListViewController.m */ = {isa = PBXFileReference; fileEncoding = 4; lastKnownFileType = sourcecode.c.objc; path = NTTagListViewController.m; sourceTree = "<group>"; };
		98FDA07D158782910045E31A /* NTTagListDetailViewController.h */ = {isa = PBXFileReference; fileEncoding = 4; lastKnownFileType = sourcecode.c.h; path = NTTagListDetailViewController.h; sourceTree = "<group>"; };
		98FDA07E158782910045E31A /* NTTagListDetailViewController.m */ = {isa = PBXFileReference; fileEncoding = 4; lastKnownFileType = sourcecode.c.objc; path = NTTagListDetailViewController.m; sourceTree = "<group>"; };
		98FDA0801588AF890045E31A /* NTTagListViewController.xib */ = {isa = PBXFileReference; fileEncoding = 4; lastKnownFileType = file.xib; path = NTTagListViewController.xib; sourceTree = "<group>"; };
/* End PBXFileReference section */

/* Begin PBXFrameworksBuildPhase section */
		9818213C1468026D00DBC1D2 /* Frameworks */ = {
			isa = PBXFrameworksBuildPhase;
			buildActionMask = 2147483647;
			files = (
				9848996E15874B6D008AF533 /* Twitter.framework in Frameworks */,
				986E8074147E98C5004645CF /* MessageUI.framework in Frameworks */,
				981821441468026D00DBC1D2 /* UIKit.framework in Frameworks */,
				981821461468026D00DBC1D2 /* Foundation.framework in Frameworks */,
				981821481468026D00DBC1D2 /* CoreGraphics.framework in Frameworks */,
				9818214A1468026D00DBC1D2 /* CoreData.framework in Frameworks */,
			);
			runOnlyForDeploymentPostprocessing = 0;
		};
		981821671468026E00DBC1D2 /* Frameworks */ = {
			isa = PBXFrameworksBuildPhase;
			buildActionMask = 2147483647;
			files = (
				9818216D1468026E00DBC1D2 /* SenTestingKit.framework in Frameworks */,
				9818216E1468026E00DBC1D2 /* UIKit.framework in Frameworks */,
				9818216F1468026E00DBC1D2 /* Foundation.framework in Frameworks */,
				981821701468026E00DBC1D2 /* CoreData.framework in Frameworks */,
			);
			runOnlyForDeploymentPostprocessing = 0;
		};
/* End PBXFrameworksBuildPhase section */

/* Begin PBXGroup section */
		980055A5146AB89F004C4802 /* Views */ = {
			isa = PBXGroup;
			children = (
				98EB1F09147D35340018FF08 /* AboutMeViewController.xib */,
				98EB1F04147D0CB70018FF08 /* SettingsViewController.xib */,
				9871256014700AA0007D56D6 /* NTNoteViewController.xib */,
				980055A2146AB884004C4802 /* NTWriteViewController.xib */,
				981821601468026D00DBC1D2 /* MasterViewController.xib */,
				98190BCE149B72EC00E96126 /* NTNoteListViewController.xib */,
				98FDA0801588AF890045E31A /* NTTagListViewController.xib */,
				98BC4A38158C8E2900B48D38 /* NTTagListDetailViewController.xib */,
			);
			name = Views;
			sourceTree = "<group>";
		};
		981821341468026D00DBC1D2 = {
			isa = PBXGroup;
			children = (
				98209CFA15A5922C007E06EF /* InterfaceRules.md */,
				9848996D15874B6D008AF533 /* Twitter.framework */,
				9848996415863E63008AF533 /* QuartzCore.framework */,
				9815BD2A154812B500E450DA /* Notethread v1.5 Journal.md */,
				9848996615873B00008AF533 /* Notethread v1.6 Journal.md */,
				98F911371482066600D421B0 /* icon114x114.png */,
				98F91134148203FC00D421B0 /* icon57x57.png */,
				986E8073147E98C5004645CF /* MessageUI.framework */,
				9818214B1468026D00DBC1D2 /* Notethread */,
				981821731468026E00DBC1D2 /* NotethreadTests */,
				981821421468026D00DBC1D2 /* Frameworks */,
				981821401468026D00DBC1D2 /* Products */,
				983816A514C04FDD000A644C /* README.md */,
			);
			sourceTree = "<group>";
		};
		981821401468026D00DBC1D2 /* Products */ = {
			isa = PBXGroup;
			children = (
				9818213F1468026D00DBC1D2 /* Notethread.app */,
				9818216B1468026E00DBC1D2 /* NotethreadTests.octest */,
			);
			name = Products;
			sourceTree = "<group>";
		};
		981821421468026D00DBC1D2 /* Frameworks */ = {
			isa = PBXGroup;
			children = (
				981821431468026D00DBC1D2 /* UIKit.framework */,
				981821451468026D00DBC1D2 /* Foundation.framework */,
				981821471468026D00DBC1D2 /* CoreGraphics.framework */,
				981821491468026D00DBC1D2 /* CoreData.framework */,
				9818216C1468026E00DBC1D2 /* SenTestingKit.framework */,
			);
			name = Frameworks;
			sourceTree = "<group>";
		};
		9818214B1468026D00DBC1D2 /* Notethread */ = {
			isa = PBXGroup;
			children = (
				987125711473D881007D56D6 /* NTThreadWriteViewDelegate.h */,
				981821541468026D00DBC1D2 /* AppDelegate.h */,
				981821551468026D00DBC1D2 /* AppDelegate.m */,
				98190BCC149B72EB00E96126 /* NTNoteListViewController.h */,
				98190BCD149B72EB00E96126 /* NTNoteListViewController.m */,
				9848995A1574FE41008AF533 /* NTNoteController.h */,
				9848995B1574FE41008AF533 /* NTNoteController.m */,
				980055A0146AB884004C4802 /* NTWriteViewController.h */,
				980055A1146AB884004C4802 /* NTWriteViewController.m */,
				9871255E14700AA0007D56D6 /* NTNoteViewController.h */,
				9871255F14700AA0007D56D6 /* NTNoteViewController.m */,
				98FDA0791587823E0045E31A /* NTTagListViewController.h */,
				98FDA07A1587823E0045E31A /* NTTagListViewController.m */,
				98FDA07D158782910045E31A /* NTTagListDetailViewController.h */,
				98FDA07E158782910045E31A /* NTTagListDetailViewController.m */,
				98EB1F02147D0CB70018FF08 /* SettingsViewController.h */,
				98EB1F03147D0CB70018FF08 /* SettingsViewController.m */,
				98EB1F07147D35330018FF08 /* AboutMeViewController.h */,
				98EB1F08147D35340018FF08 /* AboutMeViewController.m */,
				98EC88F71539797C007D92A7 /* JLButtonScroller.h */,
				98EC88F81539797C007D92A7 /* JLButtonScroller.m */,
				9871256C147132DF007D56D6 /* ApplicationServices */,
				980055A5146AB89F004C4802 /* Views */,
				98C3FF9B146806E100133628 /* Models */,
				98EB1EFE147CE9550018FF08 /* Constants */,
				9818214C1468026D00DBC1D2 /* Supporting Files */,
				98489947156B8F33008AF533 /* NSArray+Reverse.h */,
				98489948156B8F33008AF533 /* NSArray+Reverse.m */,
			);
			path = Notethread;
			sourceTree = "<group>";
		};
		9818214C1468026D00DBC1D2 /* Supporting Files */ = {
			isa = PBXGroup;
			children = (
				989D514F148900FD002B27AB /* handmadepaper.png */,
				989D514D1488FECC002B27AB /* fabric_1.png */,
				989D51471488F013002B27AB /* black-Linen.png */,
				9818214D1468026D00DBC1D2 /* Notethread-Info.plist */,
				9818214E1468026D00DBC1D2 /* InfoPlist.strings */,
				981821511468026D00DBC1D2 /* main.m */,
				981821531468026D00DBC1D2 /* Notethread-Prefix.pch */,
			);
			name = "Supporting Files";
			sourceTree = "<group>";
		};
		981821731468026E00DBC1D2 /* NotethreadTests */ = {
			isa = PBXGroup;
			children = (
				981821791468026E00DBC1D2 /* NotethreadTests.h */,
				9818217A1468026E00DBC1D2 /* NotethreadTests.m */,
				981821741468026E00DBC1D2 /* Supporting Files */,
			);
			path = NotethreadTests;
			sourceTree = "<group>";
		};
		981821741468026E00DBC1D2 /* Supporting Files */ = {
			isa = PBXGroup;
			children = (
				981821751468026E00DBC1D2 /* NotethreadTests-Info.plist */,
				981821761468026E00DBC1D2 /* InfoPlist.strings */,
			);
			name = "Supporting Files";
			sourceTree = "<group>";
		};
		9871256C147132DF007D56D6 /* ApplicationServices */ = {
			isa = PBXGroup;
			children = (
				9815BD301548151400E450DA /* TagService.h */,
				9815BD311548151400E450DA /* TagService.m */,
				9848994B15706C36008AF533 /* TagTracker.h */,
				9848994C15706C36008AF533 /* TagTracker.m */,
				9871256E14713310007D56D6 /* StyleApplicationService.h */,
				9871256F14713310007D56D6 /* StyleApplicationService.m */,
				98EB1EF7147BBF160018FF08 /* AlertApplicationService.h */,
				98EB1EF8147BBF160018FF08 /* AlertApplicationService.m */,
				986E806A147E3C06004645CF /* EmailContentApplicationService.h */,
				986E806B147E3C06004645CF /* EmailContentApplicationService.m */,
				986E8070147E90EC004645CF /* EmailApplicationService.h */,
				986E8071147E90EC004645CF /* EmailApplicationService.m */,
			);
			name = ApplicationServices;
			sourceTree = "<group>";
		};
		98C3FF9B146806E100133628 /* Models */ = {
			isa = PBXGroup;
			children = (
				981821571468026D00DBC1D2 /* Notethread.xcdatamodeld */,
				9801C7AE148645CF005138A7 /* Note.h */,
				9801C7AF148645CF005138A7 /* Note.m */,
				9800559A14680E50004C4802 /* Tag.h */,
				9800559B14680E50004C4802 /* Tag.m */,
			);
			name = Models;
			sourceTree = "<group>";
		};
		98EB1EFE147CE9550018FF08 /* Constants */ = {
			isa = PBXGroup;
			children = (
				98EB1EFF147CE9930018FF08 /* UserSettingsConstants.h */,
				98EB1F00147CE9930018FF08 /* UserSettingsConstants.m */,
				989D514A1488F427002B27AB /* StyleConstants.h */,
				989D514B1488F45A002B27AB /* StyleConstants.m */,
			);
			name = Constants;
			sourceTree = "<group>";
		};
/* End PBXGroup section */

/* Begin PBXNativeTarget section */
		9818213E1468026D00DBC1D2 /* Notethread */ = {
			isa = PBXNativeTarget;
			buildConfigurationList = 9818217E1468026E00DBC1D2 /* Build configuration list for PBXNativeTarget "Notethread" */;
			buildPhases = (
				9818213B1468026D00DBC1D2 /* Sources */,
				9818213C1468026D00DBC1D2 /* Frameworks */,
				9818213D1468026D00DBC1D2 /* Resources */,
			);
			buildRules = (
			);
			dependencies = (
			);
			name = Notethread;
			productName = Notethread;
			productReference = 9818213F1468026D00DBC1D2 /* Notethread.app */;
			productType = "com.apple.product-type.application";
		};
		9818216A1468026E00DBC1D2 /* NotethreadTests */ = {
			isa = PBXNativeTarget;
			buildConfigurationList = 981821811468026E00DBC1D2 /* Build configuration list for PBXNativeTarget "NotethreadTests" */;
			buildPhases = (
				981821661468026E00DBC1D2 /* Sources */,
				981821671468026E00DBC1D2 /* Frameworks */,
				981821681468026E00DBC1D2 /* Resources */,
				981821691468026E00DBC1D2 /* ShellScript */,
			);
			buildRules = (
			);
			dependencies = (
				981821721468026E00DBC1D2 /* PBXTargetDependency */,
			);
			name = NotethreadTests;
			productName = NotethreadTests;
			productReference = 9818216B1468026E00DBC1D2 /* NotethreadTests.octest */;
			productType = "com.apple.product-type.bundle";
		};
/* End PBXNativeTarget section */

/* Begin PBXProject section */
		981821361468026D00DBC1D2 /* Project object */ = {
			isa = PBXProject;
			attributes = {
				LastUpgradeCheck = 0430;
				ORGANIZATIONNAME = "Joshua Lay";
			};
			buildConfigurationList = 981821391468026D00DBC1D2 /* Build configuration list for PBXProject "Notethread" */;
			compatibilityVersion = "Xcode 3.2";
			developmentRegion = English;
			hasScannedForEncodings = 0;
			knownRegions = (
				en,
			);
			mainGroup = 981821341468026D00DBC1D2;
			productRefGroup = 981821401468026D00DBC1D2 /* Products */;
			projectDirPath = "";
			projectRoot = "";
			targets = (
				9818213E1468026D00DBC1D2 /* Notethread */,
				9818216A1468026E00DBC1D2 /* NotethreadTests */,
			);
		};
/* End PBXProject section */

/* Begin PBXResourcesBuildPhase section */
		9818213D1468026D00DBC1D2 /* Resources */ = {
			isa = PBXResourcesBuildPhase;
			buildActionMask = 2147483647;
			files = (
				981821501468026D00DBC1D2 /* InfoPlist.strings in Resources */,
				981821621468026D00DBC1D2 /* MasterViewController.xib in Resources */,
				980055A4146AB884004C4802 /* NTWriteViewController.xib in Resources */,
				9871256214700AA0007D56D6 /* NTNoteViewController.xib in Resources */,
				98EB1F06147D0CB70018FF08 /* SettingsViewController.xib in Resources */,
				98EB1F0B147D35340018FF08 /* AboutMeViewController.xib in Resources */,
				98F911361482066300D421B0 /* icon57x57.png in Resources */,
				98F911381482066600D421B0 /* icon114x114.png in Resources */,
				989D51481488F013002B27AB /* black-Linen.png in Resources */,
				989D514E1488FECC002B27AB /* fabric_1.png in Resources */,
				989D5150148900FD002B27AB /* handmadepaper.png in Resources */,
				98190BD0149B72EC00E96126 /* NTNoteListViewController.xib in Resources */,
				983816A614C04FDD000A644C /* README.md in Resources */,
				9815BD2B154812B500E450DA /* Notethread v1.5 Journal.md in Resources */,
				9848996715873B01008AF533 /* Notethread v1.6 Journal.md in Resources */,
				98FDA0811588AF890045E31A /* NTTagListViewController.xib in Resources */,
				98BC4A39158C8E2900B48D38 /* NTTagListDetailViewController.xib in Resources */,
				98209CFB15A5922C007E06EF /* InterfaceRules.md in Resources */,
			);
			runOnlyForDeploymentPostprocessing = 0;
		};
		981821681468026E00DBC1D2 /* Resources */ = {
			isa = PBXResourcesBuildPhase;
			buildActionMask = 2147483647;
			files = (
				981821781468026E00DBC1D2 /* InfoPlist.strings in Resources */,
			);
			runOnlyForDeploymentPostprocessing = 0;
		};
/* End PBXResourcesBuildPhase section */

/* Begin PBXShellScriptBuildPhase section */
		981821691468026E00DBC1D2 /* ShellScript */ = {
			isa = PBXShellScriptBuildPhase;
			buildActionMask = 2147483647;
			files = (
			);
			inputPaths = (
			);
			outputPaths = (
			);
			runOnlyForDeploymentPostprocessing = 0;
			shellPath = /bin/sh;
			shellScript = "# Run the unit tests in this test bundle.\n\"${SYSTEM_DEVELOPER_DIR}/Tools/RunUnitTests\"\n";
		};
/* End PBXShellScriptBuildPhase section */

/* Begin PBXSourcesBuildPhase section */
		9818213B1468026D00DBC1D2 /* Sources */ = {
			isa = PBXSourcesBuildPhase;
			buildActionMask = 2147483647;
			files = (
				98EC88FB15397EB3007D92A7 /* JLButtonScroller.m in Sources */,
				981821521468026D00DBC1D2 /* main.m in Sources */,
				981821561468026D00DBC1D2 /* AppDelegate.m in Sources */,
				981821591468026D00DBC1D2 /* Notethread.xcdatamodeld in Sources */,
				9800559C14680E50004C4802 /* Tag.m in Sources */,
				980055A3146AB884004C4802 /* NTWriteViewController.m in Sources */,
				9871256114700AA0007D56D6 /* NTNoteViewController.m in Sources */,
				9871257014713310007D56D6 /* StyleApplicationService.m in Sources */,
				98EB1EF9147BBF160018FF08 /* AlertApplicationService.m in Sources */,
				98EB1F01147CE9930018FF08 /* UserSettingsConstants.m in Sources */,
				98EB1F05147D0CB70018FF08 /* SettingsViewController.m in Sources */,
				98EB1F0A147D35340018FF08 /* AboutMeViewController.m in Sources */,
				986E806C147E3C06004645CF /* EmailContentApplicationService.m in Sources */,
				986E8072147E90EC004645CF /* EmailApplicationService.m in Sources */,
				9801C7B0148645CF005138A7 /* Note.m in Sources */,
				989D514C1488F45A002B27AB /* StyleConstants.m in Sources */,
				98190BCF149B72EC00E96126 /* NTNoteListViewController.m in Sources */,
				9815BD321548151400E450DA /* TagService.m in Sources */,
				98489949156B8F33008AF533 /* NSArray+Reverse.m in Sources */,
				9848994D15706C36008AF533 /* TagTracker.m in Sources */,
				9848995C1574FE41008AF533 /* NTNoteController.m in Sources */,
				98FDA07B1587823E0045E31A /* NTTagListViewController.m in Sources */,
				98FDA07F158782910045E31A /* NTTagListDetailViewController.m in Sources */,
			);
			runOnlyForDeploymentPostprocessing = 0;
		};
		981821661468026E00DBC1D2 /* Sources */ = {
			isa = PBXSourcesBuildPhase;
			buildActionMask = 2147483647;
			files = (
				9818217B1468026E00DBC1D2 /* NotethreadTests.m in Sources */,
				98EC88F91539797C007D92A7 /* JLButtonScroller.m in Sources */,
				9815BD331548151400E450DA /* TagService.m in Sources */,
			);
			runOnlyForDeploymentPostprocessing = 0;
		};
/* End PBXSourcesBuildPhase section */

/* Begin PBXTargetDependency section */
		981821721468026E00DBC1D2 /* PBXTargetDependency */ = {
			isa = PBXTargetDependency;
			target = 9818213E1468026D00DBC1D2 /* Notethread */;
			targetProxy = 981821711468026E00DBC1D2 /* PBXContainerItemProxy */;
		};
/* End PBXTargetDependency section */

/* Begin PBXVariantGroup section */
		9818214E1468026D00DBC1D2 /* InfoPlist.strings */ = {
			isa = PBXVariantGroup;
			children = (
				9818214F1468026D00DBC1D2 /* en */,
			);
			name = InfoPlist.strings;
			sourceTree = "<group>";
		};
		981821601468026D00DBC1D2 /* MasterViewController.xib */ = {
			isa = PBXVariantGroup;
			children = (
				981821611468026D00DBC1D2 /* en */,
			);
			name = MasterViewController.xib;
			sourceTree = "<group>";
		};
		981821761468026E00DBC1D2 /* InfoPlist.strings */ = {
			isa = PBXVariantGroup;
			children = (
				981821771468026E00DBC1D2 /* en */,
			);
			name = InfoPlist.strings;
			sourceTree = "<group>";
		};
/* End PBXVariantGroup section */

/* Begin XCBuildConfiguration section */
		9818217C1468026E00DBC1D2 /* Debug */ = {
			isa = XCBuildConfiguration;
			buildSettings = {
				ALWAYS_SEARCH_USER_PATHS = NO;
				ARCHS = "$(ARCHS_STANDARD_32_BIT)";
				CLANG_ENABLE_OBJC_ARC = YES;
				CODE_SIGN_IDENTITY = "iPhone Developer: Joshua Lay (58EF65VJ2W)";
				"CODE_SIGN_IDENTITY[sdk=iphoneos*]" = "iPhone Developer";
				COPY_PHASE_STRIP = NO;
				GCC_C_LANGUAGE_STANDARD = gnu99;
				GCC_DYNAMIC_NO_PIC = NO;
				GCC_OPTIMIZATION_LEVEL = 0;
				GCC_PREPROCESSOR_DEFINITIONS = (
					"DEBUG=1",
					"$(inherited)",
				);
				GCC_SYMBOLS_PRIVATE_EXTERN = NO;
				GCC_VERSION = com.apple.compilers.llvm.clang.1_0;
				GCC_WARN_ABOUT_MISSING_PROTOTYPES = YES;
				GCC_WARN_ABOUT_RETURN_TYPE = YES;
				GCC_WARN_UNUSED_VARIABLE = YES;
				IPHONEOS_DEPLOYMENT_TARGET = 5.0;
				PROVISIONING_PROFILE = "938A82DC-773E-41BE-A7DC-A2E40C184554";
				SDKROOT = iphoneos;
			};
			name = Debug;
		};
		9818217D1468026E00DBC1D2 /* Release */ = {
			isa = XCBuildConfiguration;
			buildSettings = {
				ALWAYS_SEARCH_USER_PATHS = NO;
				ARCHS = "$(ARCHS_STANDARD_32_BIT)";
				CLANG_ENABLE_OBJC_ARC = YES;
				CODE_SIGN_IDENTITY = "iPhone Distribution: Joshua Lay";
				"CODE_SIGN_IDENTITY[sdk=iphoneos*]" = "iPhone Distribution: Joshua Lay";
				COPY_PHASE_STRIP = YES;
				GCC_C_LANGUAGE_STANDARD = gnu99;
				GCC_VERSION = com.apple.compilers.llvm.clang.1_0;
				GCC_WARN_ABOUT_MISSING_PROTOTYPES = YES;
				GCC_WARN_ABOUT_RETURN_TYPE = YES;
				GCC_WARN_UNUSED_VARIABLE = YES;
				IPHONEOS_DEPLOYMENT_TARGET = 5.0;
				OTHER_CFLAGS = "-DNS_BLOCK_ASSERTIONS=1";
				PROVISIONING_PROFILE = "70D7DF36-A441-490B-95AD-CBE9ABE2C258";
				"PROVISIONING_PROFILE[sdk=iphoneos*]" = "70D7DF36-A441-490B-95AD-CBE9ABE2C258";
				SDKROOT = iphoneos;
				VALIDATE_PRODUCT = YES;
			};
			name = Release;
		};
		9818217F1468026E00DBC1D2 /* Debug */ = {
			isa = XCBuildConfiguration;
			buildSettings = {
				GCC_PRECOMPILE_PREFIX_HEADER = YES;
				GCC_PREFIX_HEADER = "Notethread/Notethread-Prefix.pch";
				INFOPLIST_FILE = "Notethread/Notethread-Info.plist";
				IPHONEOS_DEPLOYMENT_TARGET = 5.0;
				PRODUCT_NAME = "$(TARGET_NAME)";
				TARGETED_DEVICE_FAMILY = 1;
				WRAPPER_EXTENSION = app;
			};
			name = Debug;
		};
		981821801468026E00DBC1D2 /* Release */ = {
			isa = XCBuildConfiguration;
			buildSettings = {
				GCC_PRECOMPILE_PREFIX_HEADER = YES;
				GCC_PREFIX_HEADER = "Notethread/Notethread-Prefix.pch";
				INFOPLIST_FILE = "Notethread/Notethread-Info.plist";
				IPHONEOS_DEPLOYMENT_TARGET = 5.0;
				PRODUCT_NAME = "$(TARGET_NAME)";
				TARGETED_DEVICE_FAMILY = 1;
				WRAPPER_EXTENSION = app;
			};
			name = Release;
		};
		981821821468026E00DBC1D2 /* Debug */ = {
			isa = XCBuildConfiguration;
			buildSettings = {
				BUNDLE_LOADER = "$(BUILT_PRODUCTS_DIR)/Notethread.app/Notethread";
				FRAMEWORK_SEARCH_PATHS = (
					"$(SDKROOT)/Developer/Library/Frameworks",
					"$(DEVELOPER_LIBRARY_DIR)/Frameworks",
				);
				GCC_PRECOMPILE_PREFIX_HEADER = YES;
				GCC_PREFIX_HEADER = "Notethread/Notethread-Prefix.pch";
				INFOPLIST_FILE = "NotethreadTests/NotethreadTests-Info.plist";
				PRODUCT_NAME = "$(TARGET_NAME)";
				TEST_HOST = "$(BUNDLE_LOADER)";
				WRAPPER_EXTENSION = octest;
			};
			name = Debug;
		};
		981821831468026E00DBC1D2 /* Release */ = {
			isa = XCBuildConfiguration;
			buildSettings = {
				BUNDLE_LOADER = "$(BUILT_PRODUCTS_DIR)/Notethread.app/Notethread";
				FRAMEWORK_SEARCH_PATHS = (
					"$(SDKROOT)/Developer/Library/Frameworks",
					"$(DEVELOPER_LIBRARY_DIR)/Frameworks",
				);
				GCC_PRECOMPILE_PREFIX_HEADER = YES;
				GCC_PREFIX_HEADER = "Notethread/Notethread-Prefix.pch";
				INFOPLIST_FILE = "NotethreadTests/NotethreadTests-Info.plist";
				PRODUCT_NAME = "$(TARGET_NAME)";
				TEST_HOST = "$(BUNDLE_LOADER)";
				WRAPPER_EXTENSION = octest;
			};
			name = Release;
		};
/* End XCBuildConfiguration section */

/* Begin XCConfigurationList section */
		981821391468026D00DBC1D2 /* Build configuration list for PBXProject "Notethread" */ = {
			isa = XCConfigurationList;
			buildConfigurations = (
				9818217C1468026E00DBC1D2 /* Debug */,
				9818217D1468026E00DBC1D2 /* Release */,
			);
			defaultConfigurationIsVisible = 0;
			defaultConfigurationName = Release;
		};
		9818217E1468026E00DBC1D2 /* Build configuration list for PBXNativeTarget "Notethread" */ = {
			isa = XCConfigurationList;
			buildConfigurations = (
				9818217F1468026E00DBC1D2 /* Debug */,
				981821801468026E00DBC1D2 /* Release */,
			);
			defaultConfigurationIsVisible = 0;
			defaultConfigurationName = Release;
		};
		981821811468026E00DBC1D2 /* Build configuration list for PBXNativeTarget "NotethreadTests" */ = {
			isa = XCConfigurationList;
			buildConfigurations = (
				981821821468026E00DBC1D2 /* Debug */,
				981821831468026E00DBC1D2 /* Release */,
			);
			defaultConfigurationIsVisible = 0;
			defaultConfigurationName = Release;
		};
/* End XCConfigurationList section */

/* Begin XCVersionGroup section */
		981821571468026D00DBC1D2 /* Notethread.xcdatamodeld */ = {
			isa = XCVersionGroup;
			children = (
				981821581468026D00DBC1D2 /* Notethread.xcdatamodel */,
			);
			currentVersion = 981821581468026D00DBC1D2 /* Notethread.xcdatamodel */;
			path = Notethread.xcdatamodeld;
			sourceTree = "<group>";
			versionGroupType = wrapper.xcdatamodel;
		};
/* End XCVersionGroup section */
	};
	rootObject = 981821361468026D00DBC1D2 /* Project object */;
}
